
Microsoft Visual Studio Solution File, Format Version 12.00
# Visual Studio Version 17
VisualStudioVersion = 17.9.34728.123
MinimumVisualStudioVersion = 10.0.40219.1
Project("{FAE04EC0-301F-11D3-BF4B-00C04F79EFBC}") = "MyBulky", "MyBulky\MyBulky.csproj", "{26EA976D-6648-4B5E-818D-2AAB1F104F58}"
EndProject
Global
	GlobalSection(SolutionConfigurationPlatforms) = preSolution
		Debug|Any CPU = Debug|Any CPU
		Release|Any CPU = Release|Any CPU
	EndGlobalSection
	GlobalSection(ProjectConfigurationPlatforms) = postSolution
		{26EA976D-6648-4B5E-818D-2AAB1F104F58}.Debug|Any CPU.ActiveCfg = Debug|Any CPU
		{26EA976D-6648-4B5E-818D-2AAB1F104F58}.Debug|Any CPU.Build.0 = Debug|Any CPU
		{26EA976D-6648-4B5E-818D-2AAB1F104F58}.Release|Any CPU.ActiveCfg = Release|Any CPU
		{26EA976D-6648-4B5E-818D-2AAB1F104F58}.Release|Any CPU.Build.0 = Release|Any CPU
	EndGlobalSection
	GlobalSection(SolutionProperties) = preSolution
		HideSolutionNode = FALSE
	EndGlobalSection
	GlobalSection(ExtensibilityGlobals) = postSolution
		SolutionGuid = {0C892108-5D5E-403C-831C-29F4CB56683E}
	EndGlobalSection
EndGlobal
